
Microsoft Visual Studio Solution File, Format Version 12.00
# Visual Studio Version 17
VisualStudioVersion = 17.9.34723.18
MinimumVisualStudioVersion = 10.0.40219.1
Project("{FAE04EC0-301F-11D3-BF4B-00C04F79EFBC}") = "ClaimsManagementSystem", "ClaimsManagementSystem\ClaimsManagementSystem.csproj", "{44987EF3-F366-49DF-8A6C-312B1329FDE4}"
EndProject
Project("{FAE04EC0-301F-11D3-BF4B-00C04F79EFBC}") = "ClaimsUnitTest", "ClaimsUnitTest\ClaimsUnitTest.csproj", "{ABEF5182-98B9-44E6-AEA7-28ED9E9D9209}"
EndProject
Global
	GlobalSection(SolutionConfigurationPlatforms) = preSolution
		Debug|Any CPU = Debug|Any CPU
		Release|Any CPU = Release|Any CPU
	EndGlobalSection
	GlobalSection(ProjectConfigurationPlatforms) = postSolution
		{44987EF3-F366-49DF-8A6C-312B1329FDE4}.Debug|Any CPU.ActiveCfg = Debug|Any CPU
		{44987EF3-F366-49DF-8A6C-312B1329FDE4}.Debug|Any CPU.Build.0 = Debug|Any CPU
		{44987EF3-F366-49DF-8A6C-312B1329FDE4}.Release|Any CPU.ActiveCfg = Release|Any CPU
		{44987EF3-F366-49DF-8A6C-312B1329FDE4}.Release|Any CPU.Build.0 = Release|Any CPU
		{ABEF5182-98B9-44E6-AEA7-28ED9E9D9209}.Debug|Any CPU.ActiveCfg = Debug|Any CPU
		{ABEF5182-98B9-44E6-AEA7-28ED9E9D9209}.Debug|Any CPU.Build.0 = Debug|Any CPU
		{ABEF5182-98B9-44E6-AEA7-28ED9E9D9209}.Release|Any CPU.ActiveCfg = Release|Any CPU
		{ABEF5182-98B9-44E6-AEA7-28ED9E9D9209}.Release|Any CPU.Build.0 = Release|Any CPU
	EndGlobalSection
	GlobalSection(SolutionProperties) = preSolution
		HideSolutionNode = FALSE
	EndGlobalSection
	GlobalSection(ExtensibilityGlobals) = postSolution
		SolutionGuid = {6EF08FFC-B6B4-4D5A-A372-3425802DBF73}
	EndGlobalSection
EndGlobal
